
Microsoft Visual Studio Solution File, Format Version 12.00
# Visual Studio Version 17
VisualStudioVersion = 17.6.33723.286
MinimumVisualStudioVersion = 10.0.40219.1
Project("{FAE04EC0-301F-11D3-BF4B-00C04F79EFBC}") = "Starship Retrieval", "Starship Retrieval\Starship Retrieval.csproj", "{07D7EA0D-4A44-417F-AE6D-A9A9687DC8A9}"
EndProject
Global
	GlobalSection(SolutionConfigurationPlatforms) = preSolution
		Debug|Any CPU = Debug|Any CPU
		Release|Any CPU = Release|Any CPU
	EndGlobalSection
	GlobalSection(ProjectConfigurationPlatforms) = postSolution
		{07D7EA0D-4A44-417F-AE6D-A9A9687DC8A9}.Debug|Any CPU.ActiveCfg = Debug|Any CPU
		{07D7EA0D-4A44-417F-AE6D-A9A9687DC8A9}.Debug|Any CPU.Build.0 = Debug|Any CPU
		{07D7EA0D-4A44-417F-AE6D-A9A9687DC8A9}.Release|Any CPU.ActiveCfg = Release|Any CPU
		{07D7EA0D-4A44-417F-AE6D-A9A9687DC8A9}.Release|Any CPU.Build.0 = Release|Any CPU
	EndGlobalSection
	GlobalSection(SolutionProperties) = preSolution
		HideSolutionNode = FALSE
	EndGlobalSection
	GlobalSection(ExtensibilityGlobals) = postSolution
		SolutionGuid = {0BBE7FD0-66D0-4D0B-8AB4-6146C13EF475}
	EndGlobalSection
EndGlobal
